
Microsoft Visual Studio Solution File, Format Version 12.00
# Visual Studio Version 17
VisualStudioVersion = 17.7.34202.233
MinimumVisualStudioVersion = 10.0.40219.1
Project("{9A19103F-16F7-4668-BE54-9A1E7A4F7556}") = "WebApplication1", "WebApplication1.csproj", "{73565702-DA89-4738-934B-AC81BAF29D79}"
EndProject
Project("{FAE04EC0-301F-11D3-BF4B-00C04F79EFBC}") = "ConsoleApp1", "..\ConsoleApp1\ConsoleApp1.csproj", "{87FD1166-7094-407D-8510-8F2E92E69116}"
EndProject
Global
	GlobalSection(SolutionConfigurationPlatforms) = preSolution
		Debug|Any CPU = Debug|Any CPU
		Release|Any CPU = Release|Any CPU
	EndGlobalSection
	GlobalSection(ProjectConfigurationPlatforms) = postSolution
		{73565702-DA89-4738-934B-AC81BAF29D79}.Debug|Any CPU.ActiveCfg = Debug|Any CPU
		{73565702-DA89-4738-934B-AC81BAF29D79}.Debug|Any CPU.Build.0 = Debug|Any CPU
		{73565702-DA89-4738-934B-AC81BAF29D79}.Release|Any CPU.ActiveCfg = Release|Any CPU
		{73565702-DA89-4738-934B-AC81BAF29D79}.Release|Any CPU.Build.0 = Release|Any CPU
		{87FD1166-7094-407D-8510-8F2E92E69116}.Debug|Any CPU.ActiveCfg = Debug|Any CPU
		{87FD1166-7094-407D-8510-8F2E92E69116}.Debug|Any CPU.Build.0 = Debug|Any CPU
		{87FD1166-7094-407D-8510-8F2E92E69116}.Release|Any CPU.ActiveCfg = Release|Any CPU
		{87FD1166-7094-407D-8510-8F2E92E69116}.Release|Any CPU.Build.0 = Release|Any CPU
	EndGlobalSection
	GlobalSection(SolutionProperties) = preSolution
		HideSolutionNode = FALSE
	EndGlobalSection
	GlobalSection(ExtensibilityGlobals) = postSolution
		SolutionGuid = {03E52CE7-F88E-4DBC-A38A-AB789039DF24}
	EndGlobalSection
EndGlobal
